// !$*UTF8*$!
{
	archiveVersion = 1;
	classes = {
	};
	objectVersion = 46;
	objects = {

/* Begin PBXBuildFile section */
		BF554E7F19CB1A4D001B2066 /* Foundation.framework in Frameworks */ = {isa = PBXBuildFile; fileRef = BF554E7E19CB1A4D001B2066 /* Foundation.framework */; };
		BF554E8119CB1A4D001B2066 /* CoreGraphics.framework in Frameworks */ = {isa = PBXBuildFile; fileRef = BF554E8019CB1A4D001B2066 /* CoreGraphics.framework */; };
		BF554E8319CB1A4D001B2066 /* UIKit.framework in Frameworks */ = {isa = PBXBuildFile; fileRef = BF554E8219CB1A4D001B2066 /* UIKit.framework */; };
		BF554E8919CB1A4D001B2066 /* InfoPlist.strings in Resources */ = {isa = PBXBuildFile; fileRef = BF554E8719CB1A4D001B2066 /* InfoPlist.strings */; };
		BF554E8B19CB1A4D001B2066 /* main.m in Sources */ = {isa = PBXBuildFile; fileRef = BF554E8A19CB1A4D001B2066 /* main.m */; };
		BF554E8F19CB1A4D001B2066 /* AppDelegate.m in Sources */ = {isa = PBXBuildFile; fileRef = BF554E8E19CB1A4D001B2066 /* AppDelegate.m */; };
		BF554E9219CB1A4D001B2066 /* Main_iPhone.storyboard in Resources */ = {isa = PBXBuildFile; fileRef = BF554E9019CB1A4D001B2066 /* Main_iPhone.storyboard */; };
		BF554E9519CB1A4D001B2066 /* Main_iPad.storyboard in Resources */ = {isa = PBXBuildFile; fileRef = BF554E9319CB1A4D001B2066 /* Main_iPad.storyboard */; };
		BF554E9819CB1A4D001B2066 /* ViewController.m in Sources */ = {isa = PBXBuildFile; fileRef = BF554E9719CB1A4D001B2066 /* ViewController.m */; };
		BF554E9A19CB1A4D001B2066 /* Images.xcassets in Resources */ = {isa = PBXBuildFile; fileRef = BF554E9919CB1A4D001B2066 /* Images.xcassets */; };
		BF554EA119CB1A4D001B2066 /* XCTest.framework in Frameworks */ = {isa = PBXBuildFile; fileRef = BF554EA019CB1A4D001B2066 /* XCTest.framework */; };
		BF554EA219CB1A4D001B2066 /* Foundation.framework in Frameworks */ = {isa = PBXBuildFile; fileRef = BF554E7E19CB1A4D001B2066 /* Foundation.framework */; };
		BF554EA319CB1A4D001B2066 /* UIKit.framework in Frameworks */ = {isa = PBXBuildFile; fileRef = BF554E8219CB1A4D001B2066 /* UIKit.framework */; };
		BF554EAB19CB1A4D001B2066 /* InfoPlist.strings in Resources */ = {isa = PBXBuildFile; fileRef = BF554EA919CB1A4D001B2066 /* InfoPlist.strings */; };
		BF554EAD19CB1A4D001B2066 /* App_EPTests.m in Sources */ = {isa = PBXBuildFile; fileRef = BF554EAC19CB1A4D001B2066 /* App_EPTests.m */; };
/* End PBXBuildFile section */

/* Begin PBXContainerItemProxy section */
		BF554EA419CB1A4D001B2066 /* PBXContainerItemProxy */ = {
			isa = PBXContainerItemProxy;
			containerPortal = BF554E7319CB1A4D001B2066 /* Project object */;
			proxyType = 1;
			remoteGlobalIDString = BF554E7A19CB1A4D001B2066;
			remoteInfo = App_EP;
		};
/* End PBXContainerItemProxy section */

/* Begin PBXFileReference section */
		BF554E7B19CB1A4D001B2066 /* App_EP.app */ = {isa = PBXFileReference; explicitFileType = wrapper.application; includeInIndex = 0; path = App_EP.app; sourceTree = BUILT_PRODUCTS_DIR; };
		BF554E7E19CB1A4D001B2066 /* Foundation.framework */ = {isa = PBXFileReference; lastKnownFileType = wrapper.framework; name = Foundation.framework; path = System/Library/Frameworks/Foundation.framework; sourceTree = SDKROOT; };
		BF554E8019CB1A4D001B2066 /* CoreGraphics.framework */ = {isa = PBXFileReference; lastKnownFileType = wrapper.framework; name = CoreGraphics.framework; path = System/Library/Frameworks/CoreGraphics.framework; sourceTree = SDKROOT; };
		BF554E8219CB1A4D001B2066 /* UIKit.framework */ = {isa = PBXFileReference; lastKnownFileType = wrapper.framework; name = UIKit.framework; path = System/Library/Frameworks/UIKit.framework; sourceTree = SDKROOT; };
		BF554E8619CB1A4D001B2066 /* App_EP-Info.plist */ = {isa = PBXFileReference; lastKnownFileType = text.plist.xml; path = "App_EP-Info.plist"; sourceTree = "<group>"; };
		BF554E8819CB1A4D001B2066 /* en */ = {isa = PBXFileReference; lastKnownFileType = text.plist.strings; name = en; path = en.lproj/InfoPlist.strings; sourceTree = "<group>"; };
		BF554E8A19CB1A4D001B2066 /* main.m */ = {isa = PBXFileReference; lastKnownFileType = sourcecode.c.objc; path = main.m; sourceTree = "<group>"; };
		BF554E8C19CB1A4D001B2066 /* App_EP-Prefix.pch */ = {isa = PBXFileReference; lastKnownFileType = sourcecode.c.h; path = "App_EP-Prefix.pch"; sourceTree = "<group>"; };
		BF554E8D19CB1A4D001B2066 /* AppDelegate.h */ = {isa = PBXFileReference; lastKnownFileType = sourcecode.c.h; path = AppDelegate.h; sourceTree = "<group>"; };
		BF554E8E19CB1A4D001B2066 /* AppDelegate.m */ = {isa = PBXFileReference; lastKnownFileType = sourcecode.c.objc; path = AppDelegate.m; sourceTree = "<group>"; };
		BF554E9119CB1A4D001B2066 /* Base */ = {isa = PBXFileReference; lastKnownFileType = file.storyboard; name = Base; path = Base.lproj/Main_iPhone.storyboard; sourceTree = "<group>"; };
		BF554E9419CB1A4D001B2066 /* Base */ = {isa = PBXFileReference; lastKnownFileType = file.storyboard; name = Base; path = Base.lproj/Main_iPad.storyboard; sourceTree = "<group>"; };
		BF554E9619CB1A4D001B2066 /* ViewController.h */ = {isa = PBXFileReference; lastKnownFileType = sourcecode.c.h; path = ViewController.h; sourceTree = "<group>"; };
		BF554E9719CB1A4D001B2066 /* ViewController.m */ = {isa = PBXFileReference; lastKnownFileType = sourcecode.c.objc; path = ViewController.m; sourceTree = "<group>"; };
		BF554E9919CB1A4D001B2066 /* Images.xcassets */ = {isa = PBXFileReference; lastKnownFileType = folder.assetcatalog; path = Images.xcassets; sourceTree = "<group>"; };
		BF554E9F19CB1A4D001B2066 /* App_EPTests.xctest */ = {isa = PBXFileReference; explicitFileType = wrapper.cfbundle; includeInIndex = 0; path = App_EPTests.xctest; sourceTree = BUILT_PRODUCTS_DIR; };
		BF554EA019CB1A4D001B2066 /* XCTest.framework */ = {isa = PBXFileReference; lastKnownFileType = wrapper.framework; name = XCTest.framework; path = Library/Frameworks/XCTest.framework; sourceTree = DEVELOPER_DIR; };
		BF554EA819CB1A4D001B2066 /* App_EPTests-Info.plist */ = {isa = PBXFileReference; lastKnownFileType = text.plist.xml; path = "App_EPTests-Info.plist"; sourceTree = "<group>"; };
		BF554EAA19CB1A4D001B2066 /* en */ = {isa = PBXFileReference; lastKnownFileType = text.plist.strings; name = en; path = en.lproj/InfoPlist.strings; sourceTree = "<group>"; };
		BF554EAC19CB1A4D001B2066 /* App_EPTests.m */ = {isa = PBXFileReference; lastKnownFileType = sourcecode.c.objc; path = App_EPTests.m; sourceTree = "<group>"; };
/* End PBXFileReference section */

/* Begin PBXFrameworksBuildPhase section */
		BF554E7819CB1A4D001B2066 /* Frameworks */ = {
			isa = PBXFrameworksBuildPhase;
			buildActionMask = 2147483647;
			files = (
				BF554E8119CB1A4D001B2066 /* CoreGraphics.framework in Frameworks */,
				BF554E8319CB1A4D001B2066 /* UIKit.framework in Frameworks */,
				BF554E7F19CB1A4D001B2066 /* Foundation.framework in Frameworks */,
			);
			runOnlyForDeploymentPostprocessing = 0;
		};
		BF554E9C19CB1A4D001B2066 /* Frameworks */ = {
			isa = PBXFrameworksBuildPhase;
			buildActionMask = 2147483647;
			files = (
				BF554EA119CB1A4D001B2066 /* XCTest.framework in Frameworks */,
				BF554EA319CB1A4D001B2066 /* UIKit.framework in Frameworks */,
				BF554EA219CB1A4D001B2066 /* Foundation.framework in Frameworks */,
			);
			runOnlyForDeploymentPostprocessing = 0;
		};
/* End PBXFrameworksBuildPhase section */

/* Begin PBXGroup section */
		BF554E7219CB1A4D001B2066 = {
			isa = PBXGroup;
			children = (
				BF554E8419CB1A4D001B2066 /* App_EP */,
				BF554EA619CB1A4D001B2066 /* App_EPTests */,
				BF554E7D19CB1A4D001B2066 /* Frameworks */,
				BF554E7C19CB1A4D001B2066 /* Products */,
			);
			sourceTree = "<group>";
		};
		BF554E7C19CB1A4D001B2066 /* Products */ = {
			isa = PBXGroup;
			children = (
				BF554E7B19CB1A4D001B2066 /* App_EP.app */,
				BF554E9F19CB1A4D001B2066 /* App_EPTests.xctest */,
			);
			name = Products;
			sourceTree = "<group>";
		};
		BF554E7D19CB1A4D001B2066 /* Frameworks */ = {
			isa = PBXGroup;
			children = (
				BF554E7E19CB1A4D001B2066 /* Foundation.framework */,
				BF554E8019CB1A4D001B2066 /* CoreGraphics.framework */,
				BF554E8219CB1A4D001B2066 /* UIKit.framework */,
				BF554EA019CB1A4D001B2066 /* XCTest.framework */,
			);
			name = Frameworks;
			sourceTree = "<group>";
		};
		BF554E8419CB1A4D001B2066 /* App_EP */ = {
			isa = PBXGroup;
			children = (
				BF554E8D19CB1A4D001B2066 /* AppDelegate.h */,
				BF554E8E19CB1A4D001B2066 /* AppDelegate.m */,
				BF554E9019CB1A4D001B2066 /* Main_iPhone.storyboard */,
				BF554E9319CB1A4D001B2066 /* Main_iPad.storyboard */,
				BF554E9619CB1A4D001B2066 /* ViewController.h */,
				BF554E9719CB1A4D001B2066 /* ViewController.m */,
				BF554E9919CB1A4D001B2066 /* Images.xcassets */,
				BF554E8519CB1A4D001B2066 /* Supporting Files */,
			);
			path = App_EP;
			sourceTree = "<group>";
		};
		BF554E8519CB1A4D001B2066 /* Supporting Files */ = {
			isa = PBXGroup;
			children = (
				BF554E8619CB1A4D001B2066 /* App_EP-Info.plist */,
				BF554E8719CB1A4D001B2066 /* InfoPlist.strings */,
				BF554E8A19CB1A4D001B2066 /* main.m */,
				BF554E8C19CB1A4D001B2066 /* App_EP-Prefix.pch */,
			);
			name = "Supporting Files";
			sourceTree = "<group>";
		};
		BF554EA619CB1A4D001B2066 /* App_EPTests */ = {
			isa = PBXGroup;
			children = (
				BF554EAC19CB1A4D001B2066 /* App_EPTests.m */,
				BF554EA719CB1A4D001B2066 /* Supporting Files */,
			);
			path = App_EPTests;
			sourceTree = "<group>";
		};
		BF554EA719CB1A4D001B2066 /* Supporting Files */ = {
			isa = PBXGroup;
			children = (
				BF554EA819CB1A4D001B2066 /* App_EPTests-Info.plist */,
				BF554EA919CB1A4D001B2066 /* InfoPlist.strings */,
			);
			name = "Supporting Files";
			sourceTree = "<group>";
		};
/* End PBXGroup section */

/* Begin PBXNativeTarget section */
		BF554E7A19CB1A4D001B2066 /* App_EP */ = {
			isa = PBXNativeTarget;
			buildConfigurationList = BF554EB019CB1A4D001B2066 /* Build configuration list for PBXNativeTarget "App_EP" */;
			buildPhases = (
				BF554E7719CB1A4D001B2066 /* Sources */,
				BF554E7819CB1A4D001B2066 /* Frameworks */,
				BF554E7919CB1A4D001B2066 /* Resources */,
			);
			buildRules = (
			);
			dependencies = (
			);
			name = App_EP;
			productName = App_EP;
			productReference = BF554E7B19CB1A4D001B2066 /* App_EP.app */;
			productType = "com.apple.product-type.application";
		};
		BF554E9E19CB1A4D001B2066 /* App_EPTests */ = {
			isa = PBXNativeTarget;
			buildConfigurationList = BF554EB319CB1A4D001B2066 /* Build configuration list for PBXNativeTarget "App_EPTests" */;
			buildPhases = (
				BF554E9B19CB1A4D001B2066 /* Sources */,
				BF554E9C19CB1A4D001B2066 /* Frameworks */,
				BF554E9D19CB1A4D001B2066 /* Resources */,
			);
			buildRules = (
			);
			dependencies = (
				BF554EA519CB1A4D001B2066 /* PBXTargetDependency */,
			);
			name = App_EPTests;
			productName = App_EPTests;
			productReference = BF554E9F19CB1A4D001B2066 /* App_EPTests.xctest */;
			productType = "com.apple.product-type.bundle.unit-test";
		};
/* End PBXNativeTarget section */

/* Begin PBXProject section */
		BF554E7319CB1A4D001B2066 /* Project object */ = {
			isa = PBXProject;
			attributes = {
				LastUpgradeCheck = 0510;
				ORGANIZATIONNAME = "vincent-lambert";
				TargetAttributes = {
					BF554E9E19CB1A4D001B2066 = {
						TestTargetID = BF554E7A19CB1A4D001B2066;
					};
				};
			};
			buildConfigurationList = BF554E7619CB1A4D001B2066 /* Build configuration list for PBXProject "App_EP" */;
			compatibilityVersion = "Xcode 3.2";
			developmentRegion = English;
			hasScannedForEncodings = 0;
			knownRegions = (
				en,
				Base,
			);
			mainGroup = BF554E7219CB1A4D001B2066;
			productRefGroup = BF554E7C19CB1A4D001B2066 /* Products */;
			projectDirPath = "";
			projectRoot = "";
			targets = (
				BF554E7A19CB1A4D001B2066 /* App_EP */,
				BF554E9E19CB1A4D001B2066 /* App_EPTests */,
			);
		};
/* End PBXProject section */

/* Begin PBXResourcesBuildPhase section */
		BF554E7919CB1A4D001B2066 /* Resources */ = {
			isa = PBXResourcesBuildPhase;
			buildActionMask = 2147483647;
			files = (
				BF554E9519CB1A4D001B2066 /* Main_iPad.storyboard in Resources */,
				BF554E9A19CB1A4D001B2066 /* Images.xcassets in Resources */,
				BF554E9219CB1A4D001B2066 /* Main_iPhone.storyboard in Resources */,
				BF554E8919CB1A4D001B2066 /* InfoPlist.strings in Resources */,
			);
			runOnlyForDeploymentPostprocessing = 0;
		};
		BF554E9D19CB1A4D001B2066 /* Resources */ = {
			isa = PBXResourcesBuildPhase;
			buildActionMask = 2147483647;
			files = (
				BF554EAB19CB1A4D001B2066 /* InfoPlist.strings in Resources */,
			);
			runOnlyForDeploymentPostprocessing = 0;
		};
/* End PBXResourcesBuildPhase section */

/* Begin PBXSourcesBuildPhase section */
		BF554E7719CB1A4D001B2066 /* Sources */ = {
			isa = PBXSourcesBuildPhase;
			buildActionMask = 2147483647;
			files = (
				BF554E9819CB1A4D001B2066 /* ViewController.m in Sources */,
				BF554E8F19CB1A4D001B2066 /* AppDelegate.m in Sources */,
				BF554E8B19CB1A4D001B2066 /* main.m in Sources */,
			);
			runOnlyForDeploymentPostprocessing = 0;
		};
		BF554E9B19CB1A4D001B2066 /* Sources */ = {
			isa = PBXSourcesBuildPhase;
			buildActionMask = 2147483647;
			files = (
				BF554EAD19CB1A4D001B2066 /* App_EPTests.m in Sources */,
			);
			runOnlyForDeploymentPostprocessing = 0;
		};
/* End PBXSourcesBuildPhase section */

/* Begin PBXTargetDependency section */
		BF554EA519CB1A4D001B2066 /* PBXTargetDependency */ = {
			isa = PBXTargetDependency;
			target = BF554E7A19CB1A4D001B2066 /* App_EP */;
			targetProxy = BF554EA419CB1A4D001B2066 /* PBXContainerItemProxy */;
		};
/* End PBXTargetDependency section */

/* Begin PBXVariantGroup section */
		BF554E8719CB1A4D001B2066 /* InfoPlist.strings */ = {
			isa = PBXVariantGroup;
			children = (
				BF554E8819CB1A4D001B2066 /* en */,
			);
			name = InfoPlist.strings;
			sourceTree = "<group>";
		};
		BF554E9019CB1A4D001B2066 /* Main_iPhone.storyboard */ = {
			isa = PBXVariantGroup;
			children = (
				BF554E9119CB1A4D001B2066 /* Base */,
			);
			name = Main_iPhone.storyboard;
			sourceTree = "<group>";
		};
		BF554E9319CB1A4D001B2066 /* Main_iPad.storyboard */ = {
			isa = PBXVariantGroup;
			children = (
				BF554E9419CB1A4D001B2066 /* Base */,
			);
			name = Main_iPad.storyboard;
			sourceTree = "<group>";
		};
		BF554EA919CB1A4D001B2066 /* InfoPlist.strings */ = {
			isa = PBXVariantGroup;
			children = (
				BF554EAA19CB1A4D001B2066 /* en */,
			);
			name = InfoPlist.strings;
			sourceTree = "<group>";
		};
/* End PBXVariantGroup section */

/* Begin XCBuildConfiguration section */
		BF554EAE19CB1A4D001B2066 /* Debug */ = {
			isa = XCBuildConfiguration;
			buildSettings = {
				ALWAYS_SEARCH_USER_PATHS = NO;
				CLANG_CXX_LANGUAGE_STANDARD = "gnu++0x";
				CLANG_CXX_LIBRARY = "libc++";
				CLANG_ENABLE_MODULES = YES;
				CLANG_ENABLE_OBJC_ARC = YES;
				CLANG_WARN_BOOL_CONVERSION = YES;
				CLANG_WARN_CONSTANT_CONVERSION = YES;
				CLANG_WARN_DIRECT_OBJC_ISA_USAGE = YES_ERROR;
				CLANG_WARN_EMPTY_BODY = YES;
				CLANG_WARN_ENUM_CONVERSION = YES;
				CLANG_WARN_INT_CONVERSION = YES;
				CLANG_WARN_OBJC_ROOT_CLASS = YES_ERROR;
				CLANG_WARN__DUPLICATE_METHOD_MATCH = YES;
				"CODE_SIGN_IDENTITY[sdk=iphoneos*]" = "iPhone Developer";
				COPY_PHASE_STRIP = NO;
				GCC_C_LANGUAGE_STANDARD = gnu99;
				GCC_DYNAMIC_NO_PIC = NO;
				GCC_OPTIMIZATION_LEVEL = 0;
				GCC_PREPROCESSOR_DEFINITIONS = (
					"DEBUG=1",
					"$(inherited)",
				);
				GCC_SYMBOLS_PRIVATE_EXTERN = NO;
				GCC_WARN_64_TO_32_BIT_CONVERSION = YES;
				GCC_WARN_ABOUT_RETURN_TYPE = YES_ERROR;
				GCC_WARN_UNDECLARED_SELECTOR = YES;
				GCC_WARN_UNINITIALIZED_AUTOS = YES_AGGRESSIVE;
				GCC_WARN_UNUSED_FUNCTION = YES;
				GCC_WARN_UNUSED_VARIABLE = YES;
				IPHONEOS_DEPLOYMENT_TARGET = 7.1;
				ONLY_ACTIVE_ARCH = YES;
				SDKROOT = iphoneos;
				TARGETED_DEVICE_FAMILY = "1,2";
			};
			name = Debug;
		};
		BF554EAF19CB1A4D001B2066 /* Release */ = {
			isa = XCBuildConfiguration;
			buildSettings = {
				ALWAYS_SEARCH_USER_PATHS = NO;
				CLANG_CXX_LANGUAGE_STANDARD = "gnu++0x";
				CLANG_CXX_LIBRARY = "libc++";
				CLANG_ENABLE_MODULES = YES;
				CLANG_ENABLE_OBJC_ARC = YES;
				CLANG_WARN_BOOL_CONVERSION = YES;
				CLANG_WARN_CONSTANT_CONVERSION = YES;
				CLANG_WARN_DIRECT_OBJC_ISA_USAGE = YES_ERROR;
				CLANG_WARN_EMPTY_BODY = YES;
				CLANG_WARN_ENUM_CONVERSION = YES;
				CLANG_WARN_INT_CONVERSION = YES;
				CLANG_WARN_OBJC_ROOT_CLASS = YES_ERROR;
				CLANG_WARN__DUPLICATE_METHOD_MATCH = YES;
				"CODE_SIGN_IDENTITY[sdk=iphoneos*]" = "iPhone Developer";
				COPY_PHASE_STRIP = YES;
				ENABLE_NS_ASSERTIONS = NO;
				GCC_C_LANGUAGE_STANDARD = gnu99;
				GCC_WARN_64_TO_32_BIT_CONVERSION = YES;
				GCC_WARN_ABOUT_RETURN_TYPE = YES_ERROR;
				GCC_WARN_UNDECLARED_SELECTOR = YES;
				GCC_WARN_UNINITIALIZED_AUTOS = YES_AGGRESSIVE;
				GCC_WARN_UNUSED_FUNCTION = YES;
				GCC_WARN_UNUSED_VARIABLE = YES;
				IPHONEOS_DEPLOYMENT_TARGET = 7.1;
				SDKROOT = iphoneos;
				TARGETED_DEVICE_FAMILY = "1,2";
				VALIDATE_PRODUCT = YES;
			};
			name = Release;
		};
		BF554EB119CB1A4D001B2066 /* Debug */ = {
			isa = XCBuildConfiguration;
			buildSettings = {
				ASSETCATALOG_COMPILER_APPICON_NAME = AppIcon;
				ASSETCATALOG_COMPILER_LAUNCHIMAGE_NAME = LaunchImage;
				GCC_PRECOMPILE_PREFIX_HEADER = YES;
				GCC_PREFIX_HEADER = "App_EP/App_EP-Prefix.pch";
				INFOPLIST_FILE = "App_EP/App_EP-Info.plist";
				PRODUCT_NAME = "$(TARGET_NAME)";
				WRAPPER_EXTENSION = app;
			};
			name = Debug;
		};
		BF554EB219CB1A4D001B2066 /* Release */ = {
			isa = XCBuildConfiguration;
			buildSettings = {
				ASSETCATALOG_COMPILER_APPICON_NAME = AppIcon;
				ASSETCATALOG_COMPILER_LAUNCHIMAGE_NAME = LaunchImage;
				GCC_PRECOMPILE_PREFIX_HEADER = YES;
				GCC_PREFIX_HEADER = "App_EP/App_EP-Prefix.pch";
				INFOPLIST_FILE = "App_EP/App_EP-Info.plist";
				PRODUCT_NAME = "$(TARGET_NAME)";
				WRAPPER_EXTENSION = app;
			};
			name = Release;
		};
		BF554EB419CB1A4D001B2066 /* Debug */ = {
			isa = XCBuildConfiguration;
			buildSettings = {
				BUNDLE_LOADER = "$(BUILT_PRODUCTS_DIR)/App_EP.app/App_EP";
				FRAMEWORK_SEARCH_PATHS = (
					"$(SDKROOT)/Developer/Library/Frameworks",
					"$(inherited)",
					"$(DEVELOPER_FRAMEWORKS_DIR)",
				);
				GCC_PRECOMPILE_PREFIX_HEADER = YES;
				GCC_PREFIX_HEADER = "App_EP/App_EP-Prefix.pch";
				GCC_PREPROCESSOR_DEFINITIONS = (
					"DEBUG=1",
					"$(inherited)",
				);
				INFOPLIST_FILE = "App_EPTests/App_EPTests-Info.plist";
				PRODUCT_NAME = "$(TARGET_NAME)";
				TEST_HOST = "$(BUNDLE_LOADER)";
				WRAPPER_EXTENSION = xctest;
			};
			name = Debug;
		};
		BF554EB519CB1A4D001B2066 /* Release */ = {
			isa = XCBuildConfiguration;
			buildSettings = {
				BUNDLE_LOADER = "$(BUILT_PRODUCTS_DIR)/App_EP.app/App_EP";
				FRAMEWORK_SEARCH_PATHS = (
					"$(SDKROOT)/Developer/Library/Frameworks",
					"$(inherited)",
					"$(DEVELOPER_FRAMEWORKS_DIR)",
				);
				GCC_PRECOMPILE_PREFIX_HEADER = YES;
				GCC_PREFIX_HEADER = "App_EP/App_EP-Prefix.pch";
				INFOPLIST_FILE = "App_EPTests/App_EPTests-Info.plist";
				PRODUCT_NAME = "$(TARGET_NAME)";
				TEST_HOST = "$(BUNDLE_LOADER)";
				WRAPPER_EXTENSION = xctest;
			};
			name = Release;
		};
/* End XCBuildConfiguration section */

/* Begin XCConfigurationList section */
		BF554E7619CB1A4D001B2066 /* Build configuration list for PBXProject "App_EP" */ = {
			isa = XCConfigurationList;
			buildConfigurations = (
				BF554EAE19CB1A4D001B2066 /* Debug */,
				BF554EAF19CB1A4D001B2066 /* Release */,
			);
			defaultConfigurationIsVisible = 0;
			defaultConfigurationName = Release;
		};
		BF554EB019CB1A4D001B2066 /* Build configuration list for PBXNativeTarget "App_EP" */ = {
			isa = XCConfigurationList;
			buildConfigurations = (
				BF554EB119CB1A4D001B2066 /* Debug */,
				BF554EB219CB1A4D001B2066 /* Release */,
			);
			defaultConfigurationIsVisible = 0;
		};
		BF554EB319CB1A4D001B2066 /* Build configuration list for PBXNativeTarget "App_EPTests" */ = {
			isa = XCConfigurationList;
			buildConfigurations = (
				BF554EB419CB1A4D001B2066 /* Debug */,
				BF554EB519CB1A4D001B2066 /* Release */,
			);
			defaultConfigurationIsVisible = 0;
		};
/* End XCConfigurationList section */
	};
	rootObject = BF554E7319CB1A4D001B2066 /* Project object */;
}
